{"format_version":"1.1","terraform_version":"1.3.9","variables":{"my_instance_name":{"value":"my-instance"}},"planned_values":{"outputs":{"elp_public_ip":{"sensitive":false},"instance_private_ip":{"sensitive":false},"instance_public_ip":{"sensitive":false}},"root_module":{"resources":[{"address":"aws_eip.flask_url","mode":"managed","type":"aws_eip","name":"flask_url","provider_name":"registry.terraform.io/hashicorp/aws","schema_version":0,"values":{"address":null,"associate_with_private_ip":null,"customer_owned_ipv4_pool":null,"tags":{"Name":"Flask_url"},"tags_all":{"Name":"Flask_url"},"timeouts":null},"sensitive_values":{"tags":{},"tags_all":{}}},{"address":"aws_eip.nat_gateway","mode":"managed","type":"aws_eip","name":"nat_gateway","provider_name":"registry.terraform.io/hashicorp/aws","schema_version":0,"values":{"address":null,"associate_with_private_ip":null,"customer_owned_ipv4_pool":null,"tags":null,"timeouts":null,"vpc":true},"sensitive_values":{"tags_all":{}}},{"address":"aws_instance.flask_app","mode":"managed","type":"aws_instance","name":"flask_app","provider_name":"registry.terraform.io/hashicorp/aws","schema_version":1,"values":{"ami":"ami-01a7573bb17a45f12","credit_specification":[],"ebs_block_device":[{"delete_on_termination":true,"device_name":"/dev/xvda","tags":null,"volume_size":12,"volume_type":"gp2"}],"get_password_data":false,"hibernation":null,"instance_type":"t3.micro","key_name":"abra","launch_template":[],"source_dest_check":true,"tags":{"Name":"terra-flask_app"},"tags_all":{"Name":"terra-flask_app"},"timeouts":null,"user_data":"3ed15315af1a8c7ec2ce5c806ae8c164f9903699","user_data_replace_on_change":false,"volume_tags":null},"sensitive_values":{"capacity_reservation_specification":[],"cpu_options":[],"credit_specification":[],"ebs_block_device":[{}],"enclave_options":[],"ephemeral_block_device":[],"ipv6_addresses":[],"launch_template":[],"maintenance_options":[],"metadata_options":[],"network_interface":[],"private_dns_name_options":[],"root_block_device":[],"secondary_private_ips":[],"security_groups":[],"tags":{},"tags_all":{},"vpc_security_group_ids":[]}},{"address":"aws_instance.redis_db","mode":"managed","type":"aws_instance","name":"redis_db","provider_name":"registry.terraform.io/hashicorp/aws","schema_version":1,"values":{"ami":"ami-01a7573bb17a45f12","credit_specification":[],"ebs_block_device":[{"delete_on_termination":true,"device_name":"/dev/xvda","tags":null,"volume_size":12,"volume_type":"gp2"}],"get_password_data":false,"hibernation":null,"instance_type":"t3.micro","key_name":"abra","launch_template":[],"source_dest_check":true,"tags":{"Name":"terra-redis-db"},"tags_all":{"Name":"terra-redis-db"},"timeouts":null,"user_data":"3ed15315af1a8c7ec2ce5c806ae8c164f9903699","user_data_replace_on_change":false,"volume_tags":null},"sensitive_values":{"capacity_reservation_specification":[],"cpu_options":[],"credit_specification":[],"ebs_block_device":[{}],"enclave_options":[],"ephemeral_block_device":[],"ipv6_addresses":[],"launch_template":[],"maintenance_options":[],"metadata_options":[],"network_interface":[],"private_dns_name_options":[],"root_block_device":[],"secondary_private_ips":[],"security_groups":[],"tags":{},"tags_all":{},"vpc_security_group_ids":[]}},{"address":"aws_internet_gateway.gw","mode":"managed","type":"aws_internet_gateway","name":"gw","provider_name":"registry.terraform.io/hashicorp/aws","schema_version":0,"values":{"tags":{"Name":"terra-ig"},"tags_all":{"Name":"terra-ig"},"timeouts":null},"sensitive_values":{"tags":{},"tags_all":{}}},{"address":"aws_nat_gateway.prod-nat-gateway","mode":"managed","type":"aws_nat_gateway","name":"prod-nat-gateway","provider_name":"registry.terraform.io/hashicorp/aws","schema_version":0,"values":{"connectivity_type":"public","tags":{"Name":"Terra NAT"},"tags_all":{"Name":"Terra NAT"}},"sensitive_values":{"tags":{},"tags_all":{}}},{"address":"aws_route_table.prod-private-routes","mode":"managed","type":"aws_route_table","name":"prod-private-routes","provider_name":"registry.terraform.io/hashicorp/aws","schema_version":0,"values":{"route":[{"carrier_gateway_id":"","cidr_block":"0.0.0.0/0","core_network_arn":"","destination_prefix_list_id":"","egress_only_gateway_id":"","instance_id":"","ipv6_cidr_block":"","local_gateway_id":"","nat_gateway_id":"","network_interface_id":"","transit_gateway_id":"","vpc_endpoint_id":"","vpc_peering_connection_id":""}],"tags":{"Name":"terra-private-routes"},"tags_all":{"Name":"terra-private-routes"},"timeouts":null},"sensitive_values":{"propagating_vgws":[],"route":[{}],"tags":{},"tags_all":{}}},{"address":"aws_route_table.prod-public-routes","mode":"managed","type":"aws_route_table","name":"prod-public-routes","provider_name":"registry.terraform.io/hashicorp/aws","schema_version":0,"values":{"route":[{"carrier_gateway_id":"","cidr_block":"0.0.0.0/0","core_network_arn":"","destination_prefix_list_id":"","egress_only_gateway_id":"","instance_id":"","ipv6_cidr_block":"","local_gateway_id":"","nat_gateway_id":"","network_interface_id":"","transit_gateway_id":"","vpc_endpoint_id":"","vpc_peering_connection_id":""}],"tags":{"Name":"terra-public-routes"},"tags_all":{"Name":"terra-public-routes"},"timeouts":null},"sensitive_values":{"propagating_vgws":[],"route":[{}],"tags":{},"tags_all":{}}},{"address":"aws_route_table_association.prod-crta-private-subnet-1","mode":"managed","type":"aws_route_table_association","name":"prod-crta-private-subnet-1","provider_name":"registry.terraform.io/hashicorp/aws","schema_version":0,"values":{"gateway_id":null,"timeouts":null},"sensitive_values":{}},{"address":"aws_route_table_association.prod-crta-public-subnet-1","mode":"managed","type":"aws_route_table_association","name":"prod-crta-public-subnet-1","provider_name":"registry.terraform.io/hashicorp/aws","schema_version":0,"values":{"gateway_id":null,"timeouts":null},"sensitive_values":{}},{"address":"aws_security_group.inner_net","mode":"managed","type":"aws_security_group","name":"inner_net","provider_name":"registry.terraform.io/hashicorp/aws","schema_version":1,"values":{"description":"only_inner_trafik","egress":[{"cidr_blocks":["0.0.0.0/0"],"description":"","from_port":0,"ipv6_cidr_blocks":["::/0"],"prefix_list_ids":[],"protocol":"-1","security_groups":[],"self":false,"to_port":0}],"ingress":[{"cidr_blocks":["0.0.0.0/0"],"description":"","from_port":0,"ipv6_cidr_blocks":[],"prefix_list_ids":[],"protocol":"tcp","security_groups":[],"self":false,"to_port":8080}],"name":"only_inner_trafik","revoke_rules_on_delete":false,"tags":{"Name":"terra-inner-sg"},"tags_all":{"Name":"terra-inner-sg"},"timeouts":null},"sensitive_values":{"egress":[{"cidr_blocks":[false],"ipv6_cidr_blocks":[false],"prefix_list_ids":[],"security_groups":[]}],"ingress":[{"cidr_blocks":[false],"ipv6_cidr_blocks":[],"prefix_list_ids":[],"security_groups":[]}],"tags":{},"tags_all":{}}},{"address":"aws_security_group.open_to_world","mode":"managed","type":"aws_security_group","name":"open_to_world","provider_name":"registry.terraform.io/hashicorp/aws","schema_version":1,"values":{"description":"Allow all TCP inbound traffic","egress":[{"cidr_blocks":["0.0.0.0/0"],"description":"","from_port":0,"ipv6_cidr_blocks":["::/0"],"prefix_list_ids":[],"protocol":"-1","security_groups":[],"self":false,"to_port":0}],"ingress":[{"cidr_blocks":["0.0.0.0/0"],"description":"","from_port":22,"ipv6_cidr_blocks":[],"prefix_list_ids":[],"protocol":"tcp","security_groups":[],"self":false,"to_port":22},{"cidr_blocks":["0.0.0.0/0"],"description":"","from_port":8080,"ipv6_cidr_blocks":[],"prefix_list_ids":[],"protocol":"tcp","security_groups":[],"self":false,"to_port":8080}],"name":"allow_all","revoke_rules_on_delete":false,"tags":{"Name":"terra-outer-sg"},"tags_all":{"Name":"terra-outer-sg"},"timeouts":{"create":null,"delete":"2m"}},"sensitive_values":{"egress":[{"cidr_blocks":[false],"ipv6_cidr_blocks":[false],"prefix_list_ids":[],"security_groups":[]}],"ingress":[{"cidr_blocks":[false],"ipv6_cidr_blocks":[],"prefix_list_ids":[],"security_groups":[]},{"cidr_blocks":[false],"ipv6_cidr_blocks":[],"prefix_list_ids":[],"security_groups":[]}],"tags":{},"tags_all":{},"timeouts":{}}},{"address":"aws_subnet.private_subnet","mode":"managed","type":"aws_subnet","name":"private_subnet","provider_name":"registry.terraform.io/hashicorp/aws","schema_version":1,"values":{"assign_ipv6_address_on_creation":false,"availability_zone":"eu-north-1a","cidr_block":"10.0.1.0/24","customer_owned_ipv4_pool":null,"enable_dns64":false,"enable_lni_at_device_index":null,"enable_resource_name_dns_a_record_on_launch":false,"enable_resource_name_dns_aaaa_record_on_launch":false,"ipv6_cidr_block":null,"ipv6_native":false,"map_customer_owned_ip_on_launch":null,"map_public_ip_on_launch":false,"outpost_arn":null,"tags":{"Name":"terra-private-subnet"},"tags_all":{"Name":"terra-private-subnet"},"timeouts":null},"sensitive_values":{"tags":{},"tags_all":{}}},{"address":"aws_subnet.public_subnet","mode":"managed","type":"aws_subnet","name":"public_subnet","provider_name":"registry.terraform.io/hashicorp/aws","schema_version":1,"values":{"assign_ipv6_address_on_creation":false,"availability_zone":"eu-north-1a","cidr_block":"10.0.0.0/24","customer_owned_ipv4_pool":null,"enable_dns64":false,"enable_lni_at_device_index":null,"enable_resource_name_dns_a_record_on_launch":false,"enable_resource_name_dns_aaaa_record_on_launch":false,"ipv6_cidr_block":null,"ipv6_native":false,"map_customer_owned_ip_on_launch":null,"map_public_ip_on_launch":true,"outpost_arn":null,"tags":{"Name":"terra-public_subnet"},"tags_all":{"Name":"terra-public_subnet"},"timeouts":null},"sensitive_values":{"tags":{},"tags_all":{}}},{"address":"aws_vpc.my_vpc","mode":"managed","type":"aws_vpc","name":"my_vpc","provider_name":"registry.terraform.io/hashicorp/aws","schema_version":1,"values":{"assign_generated_ipv6_cidr_block":null,"cidr_block":"10.0.0.0/16","enable_dns_hostnames":true,"enable_dns_support":true,"instance_tenancy":"default","ipv4_ipam_pool_id":null,"ipv4_netmask_length":null,"ipv6_ipam_pool_id":null,"ipv6_netmask_length":null,"tags":{"Name":"terra_vpc"},"tags_all":{"Name":"terra_vpc"}},"sensitive_values":{"tags":{},"tags_all":{}}}]}},"resource_changes":[{"address":"aws_eip.flask_url","mode":"managed","type":"aws_eip","name":"flask_url","provider_name":"registry.terraform.io/hashicorp/aws","change":{"actions":["create"],"before":null,"after":{"address":null,"associate_with_private_ip":null,"customer_owned_ipv4_pool":null,"tags":{"Name":"Flask_url"},"tags_all":{"Name":"Flask_url"},"timeouts":null},"after_unknown":{"allocation_id":true,"association_id":true,"carrier_ip":true,"customer_owned_ip":true,"domain":true,"id":true,"instance":true,"network_border_group":true,"network_interface":true,"private_dns":true,"private_ip":true,"public_dns":true,"public_ip":true,"public_ipv4_pool":true,"tags":{},"tags_all":{},"vpc":true},"before_sensitive":false,"after_sensitive":{"tags":{},"tags_all":{}}}},{"address":"aws_eip.nat_gateway","mode":"managed","type":"aws_eip","name":"nat_gateway","provider_name":"registry.terraform.io/hashicorp/aws","change":{"actions":["create"],"before":null,"after":{"address":null,"associate_with_private_ip":null,"customer_owned_ipv4_pool":null,"tags":null,"timeouts":null,"vpc":true},"after_unknown":{"allocation_id":true,"association_id":true,"carrier_ip":true,"customer_owned_ip":true,"domain":true,"id":true,"instance":true,"network_border_group":true,"network_interface":true,"private_dns":true,"private_ip":true,"public_dns":true,"public_ip":true,"public_ipv4_pool":true,"tags_all":true},"before_sensitive":false,"after_sensitive":{"tags_all":{}}}},{"address":"aws_instance.flask_app","mode":"managed","type":"aws_instance","name":"flask_app","provider_name":"registry.terraform.io/hashicorp/aws","change":{"actions":["create"],"before":null,"after":{"ami":"ami-01a7573bb17a45f12","credit_specification":[],"ebs_block_device":[{"delete_on_termination":true,"device_name":"/dev/xvda","tags":null,"volume_size":12,"volume_type":"gp2"}],"get_password_data":false,"hibernation":null,"instance_type":"t3.micro","key_name":"abra","launch_template":[],"source_dest_check":true,"tags":{"Name":"terra-flask_app"},"tags_all":{"Name":"terra-flask_app"},"timeouts":null,"user_data":"3ed15315af1a8c7ec2ce5c806ae8c164f9903699","user_data_replace_on_change":false,"volume_tags":null},"after_unknown":{"arn":true,"associate_public_ip_address":true,"availability_zone":true,"capacity_reservation_specification":true,"cpu_core_count":true,"cpu_options":true,"cpu_threads_per_core":true,"credit_specification":[],"disable_api_stop":true,"disable_api_termination":true,"ebs_block_device":[{"encrypted":true,"iops":true,"kms_key_id":true,"snapshot_id":true,"throughput":true,"volume_id":true}],"ebs_optimized":true,"enclave_options":true,"ephemeral_block_device":true,"host_id":true,"host_resource_group_arn":true,"iam_instance_profile":true,"id":true,"instance_initiated_shutdown_behavior":true,"instance_state":true,"ipv6_address_count":true,"ipv6_addresses":true,"launch_template":[],"maintenance_options":true,"metadata_options":true,"monitoring":true,"network_interface":true,"outpost_arn":true,"password_data":true,"placement_group":true,"placement_partition_number":true,"primary_network_interface_id":true,"private_dns":true,"private_dns_name_options":true,"private_ip":true,"public_dns":true,"public_ip":true,"root_block_device":true,"secondary_private_ips":true,"security_groups":true,"subnet_id":true,"tags":{},"tags_all":{},"tenancy":true,"user_data_base64":true,"vpc_security_group_ids":true},"before_sensitive":false,"after_sensitive":{"capacity_reservation_specification":[],"cpu_options":[],"credit_specification":[],"ebs_block_device":[{}],"enclave_options":[],"ephemeral_block_device":[],"ipv6_addresses":[],"launch_template":[],"maintenance_options":[],"metadata_options":[],"network_interface":[],"private_dns_name_options":[],"root_block_device":[],"secondary_private_ips":[],"security_groups":[],"tags":{},"tags_all":{},"vpc_security_group_ids":[]}}},{"address":"aws_instance.redis_db","mode":"managed","type":"aws_instance","name":"redis_db","provider_name":"registry.terraform.io/hashicorp/aws","change":{"actions":["create"],"before":null,"after":{"ami":"ami-01a7573bb17a45f12","credit_specification":[],"ebs_block_device":[{"delete_on_termination":true,"device_name":"/dev/xvda","tags":null,"volume_size":12,"volume_type":"gp2"}],"get_password_data":false,"hibernation":null,"instance_type":"t3.micro","key_name":"abra","launch_template":[],"source_dest_check":true,"tags":{"Name":"terra-redis-db"},"tags_all":{"Name":"terra-redis-db"},"timeouts":null,"user_data":"3ed15315af1a8c7ec2ce5c806ae8c164f9903699","user_data_replace_on_change":false,"volume_tags":null},"after_unknown":{"arn":true,"associate_public_ip_address":true,"availability_zone":true,"capacity_reservation_specification":true,"cpu_core_count":true,"cpu_options":true,"cpu_threads_per_core":true,"credit_specification":[],"disable_api_stop":true,"disable_api_termination":true,"ebs_block_device":[{"encrypted":true,"iops":true,"kms_key_id":true,"snapshot_id":true,"throughput":true,"volume_id":true}],"ebs_optimized":true,"enclave_options":true,"ephemeral_block_device":true,"host_id":true,"host_resource_group_arn":true,"iam_instance_profile":true,"id":true,"instance_initiated_shutdown_behavior":true,"instance_state":true,"ipv6_address_count":true,"ipv6_addresses":true,"launch_template":[],"maintenance_options":true,"metadata_options":true,"monitoring":true,"network_interface":true,"outpost_arn":true,"password_data":true,"placement_group":true,"placement_partition_number":true,"primary_network_interface_id":true,"private_dns":true,"private_dns_name_options":true,"private_ip":true,"public_dns":true,"public_ip":true,"root_block_device":true,"secondary_private_ips":true,"security_groups":true,"subnet_id":true,"tags":{},"tags_all":{},"tenancy":true,"user_data_base64":true,"vpc_security_group_ids":true},"before_sensitive":false,"after_sensitive":{"capacity_reservation_specification":[],"cpu_options":[],"credit_specification":[],"ebs_block_device":[{}],"enclave_options":[],"ephemeral_block_device":[],"ipv6_addresses":[],"launch_template":[],"maintenance_options":[],"metadata_options":[],"network_interface":[],"private_dns_name_options":[],"root_block_device":[],"secondary_private_ips":[],"security_groups":[],"tags":{},"tags_all":{},"vpc_security_group_ids":[]}}},{"address":"aws_internet_gateway.gw","mode":"managed","type":"aws_internet_gateway","name":"gw","provider_name":"registry.terraform.io/hashicorp/aws","change":{"actions":["create"],"before":null,"after":{"tags":{"Name":"terra-ig"},"tags_all":{"Name":"terra-ig"},"timeouts":null},"after_unknown":{"arn":true,"id":true,"owner_id":true,"tags":{},"tags_all":{},"vpc_id":true},"before_sensitive":false,"after_sensitive":{"tags":{},"tags_all":{}}}},{"address":"aws_nat_gateway.prod-nat-gateway","mode":"managed","type":"aws_nat_gateway","name":"prod-nat-gateway","provider_name":"registry.terraform.io/hashicorp/aws","change":{"actions":["create"],"before":null,"after":{"connectivity_type":"public","tags":{"Name":"Terra NAT"},"tags_all":{"Name":"Terra NAT"}},"after_unknown":{"allocation_id":true,"association_id":true,"id":true,"network_interface_id":true,"private_ip":true,"public_ip":true,"subnet_id":true,"tags":{},"tags_all":{}},"before_sensitive":false,"after_sensitive":{"tags":{},"tags_all":{}}}},{"address":"aws_route_table.prod-private-routes","mode":"managed","type":"aws_route_table","name":"prod-private-routes","provider_name":"registry.terraform.io/hashicorp/aws","change":{"actions":["create"],"before":null,"after":{"route":[{"carrier_gateway_id":"","cidr_block":"0.0.0.0/0","core_network_arn":"","destination_prefix_list_id":"","egress_only_gateway_id":"","instance_id":"","ipv6_cidr_block":"","local_gateway_id":"","nat_gateway_id":"","network_interface_id":"","transit_gateway_id":"","vpc_endpoint_id":"","vpc_peering_connection_id":""}],"tags":{"Name":"terra-private-routes"},"tags_all":{"Name":"terra-private-routes"},"timeouts":null},"after_unknown":{"arn":true,"id":true,"owner_id":true,"propagating_vgws":true,"route":[{"gateway_id":true}],"tags":{},"tags_all":{},"vpc_id":true},"before_sensitive":false,"after_sensitive":{"propagating_vgws":[],"route":[{}],"tags":{},"tags_all":{}}}},{"address":"aws_route_table.prod-public-routes","mode":"managed","type":"aws_route_table","name":"prod-public-routes","provider_name":"registry.terraform.io/hashicorp/aws","change":{"actions":["create"],"before":null,"after":{"route":[{"carrier_gateway_id":"","cidr_block":"0.0.0.0/0","core_network_arn":"","destination_prefix_list_id":"","egress_only_gateway_id":"","instance_id":"","ipv6_cidr_block":"","local_gateway_id":"","nat_gateway_id":"","network_interface_id":"","transit_gateway_id":"","vpc_endpoint_id":"","vpc_peering_connection_id":""}],"tags":{"Name":"terra-public-routes"},"tags_all":{"Name":"terra-public-routes"},"timeouts":null},"after_unknown":{"arn":true,"id":true,"owner_id":true,"propagating_vgws":true,"route":[{"gateway_id":true}],"tags":{},"tags_all":{},"vpc_id":true},"before_sensitive":false,"after_sensitive":{"propagating_vgws":[],"route":[{}],"tags":{},"tags_all":{}}}},{"address":"aws_route_table_association.prod-crta-private-subnet-1","mode":"managed","type":"aws_route_table_association","name":"prod-crta-private-subnet-1","provider_name":"registry.terraform.io/hashicorp/aws","change":{"actions":["create"],"before":null,"after":{"gateway_id":null,"timeouts":null},"after_unknown":{"id":true,"route_table_id":true,"subnet_id":true},"before_sensitive":false,"after_sensitive":{}}},{"address":"aws_route_table_association.prod-crta-public-subnet-1","mode":"managed","type":"aws_route_table_association","name":"prod-crta-public-subnet-1","provider_name":"registry.terraform.io/hashicorp/aws","change":{"actions":["create"],"before":null,"after":{"gateway_id":null,"timeouts":null},"after_unknown":{"id":true,"route_table_id":true,"subnet_id":true},"before_sensitive":false,"after_sensitive":{}}},{"address":"aws_security_group.inner_net","mode":"managed","type":"aws_security_group","name":"inner_net","provider_name":"registry.terraform.io/hashicorp/aws","change":{"actions":["create"],"before":null,"after":{"description":"only_inner_trafik","egress":[{"cidr_blocks":["0.0.0.0/0"],"description":"","from_port":0,"ipv6_cidr_blocks":["::/0"],"prefix_list_ids":[],"protocol":"-1","security_groups":[],"self":false,"to_port":0}],"ingress":[{"cidr_blocks":["0.0.0.0/0"],"description":"","from_port":0,"ipv6_cidr_blocks":[],"prefix_list_ids":[],"protocol":"tcp","security_groups":[],"self":false,"to_port":8080}],"name":"only_inner_trafik","revoke_rules_on_delete":false,"tags":{"Name":"terra-inner-sg"},"tags_all":{"Name":"terra-inner-sg"},"timeouts":null},"after_unknown":{"arn":true,"egress":[{"cidr_blocks":[false],"ipv6_cidr_blocks":[false],"prefix_list_ids":[],"security_groups":[]}],"id":true,"ingress":[{"cidr_blocks":[false],"ipv6_cidr_blocks":[],"prefix_list_ids":[],"security_groups":[]}],"name_prefix":true,"owner_id":true,"tags":{},"tags_all":{},"vpc_id":true},"before_sensitive":false,"after_sensitive":{"egress":[{"cidr_blocks":[false],"ipv6_cidr_blocks":[false],"prefix_list_ids":[],"security_groups":[]}],"ingress":[{"cidr_blocks":[false],"ipv6_cidr_blocks":[],"prefix_list_ids":[],"security_groups":[]}],"tags":{},"tags_all":{}}}},{"address":"aws_security_group.open_to_world","mode":"managed","type":"aws_security_group","name":"open_to_world","provider_name":"registry.terraform.io/hashicorp/aws","change":{"actions":["create"],"before":null,"after":{"description":"Allow all TCP inbound traffic","egress":[{"cidr_blocks":["0.0.0.0/0"],"description":"","from_port":0,"ipv6_cidr_blocks":["::/0"],"prefix_list_ids":[],"protocol":"-1","security_groups":[],"self":false,"to_port":0}],"ingress":[{"cidr_blocks":["0.0.0.0/0"],"description":"","from_port":22,"ipv6_cidr_blocks":[],"prefix_list_ids":[],"protocol":"tcp","security_groups":[],"self":false,"to_port":22},{"cidr_blocks":["0.0.0.0/0"],"description":"","from_port":8080,"ipv6_cidr_blocks":[],"prefix_list_ids":[],"protocol":"tcp","security_groups":[],"self":false,"to_port":8080}],"name":"allow_all","revoke_rules_on_delete":false,"tags":{"Name":"terra-outer-sg"},"tags_all":{"Name":"terra-outer-sg"},"timeouts":{"create":null,"delete":"2m"}},"after_unknown":{"arn":true,"egress":[{"cidr_blocks":[false],"ipv6_cidr_blocks":[false],"prefix_list_ids":[],"security_groups":[]}],"id":true,"ingress":[{"cidr_blocks":[false],"ipv6_cidr_blocks":[],"prefix_list_ids":[],"security_groups":[]},{"cidr_blocks":[false],"ipv6_cidr_blocks":[],"prefix_list_ids":[],"security_groups":[]}],"name_prefix":true,"owner_id":true,"tags":{},"tags_all":{},"timeouts":{},"vpc_id":true},"before_sensitive":false,"after_sensitive":{"egress":[{"cidr_blocks":[false],"ipv6_cidr_blocks":[false],"prefix_list_ids":[],"security_groups":[]}],"ingress":[{"cidr_blocks":[false],"ipv6_cidr_blocks":[],"prefix_list_ids":[],"security_groups":[]},{"cidr_blocks":[false],"ipv6_cidr_blocks":[],"prefix_list_ids":[],"security_groups":[]}],"tags":{},"tags_all":{},"timeouts":{}}}},{"address":"aws_subnet.private_subnet","mode":"managed","type":"aws_subnet","name":"private_subnet","provider_name":"registry.terraform.io/hashicorp/aws","change":{"actions":["create"],"before":null,"after":{"assign_ipv6_address_on_creation":false,"availability_zone":"eu-north-1a","cidr_block":"10.0.1.0/24","customer_owned_ipv4_pool":null,"enable_dns64":false,"enable_lni_at_device_index":null,"enable_resource_name_dns_a_record_on_launch":false,"enable_resource_name_dns_aaaa_record_on_launch":false,"ipv6_cidr_block":null,"ipv6_native":false,"map_customer_owned_ip_on_launch":null,"map_public_ip_on_launch":false,"outpost_arn":null,"tags":{"Name":"terra-private-subnet"},"tags_all":{"Name":"terra-private-subnet"},"timeouts":null},"after_unknown":{"arn":true,"availability_zone_id":true,"id":true,"ipv6_cidr_block_association_id":true,"owner_id":true,"private_dns_hostname_type_on_launch":true,"tags":{},"tags_all":{},"vpc_id":true},"before_sensitive":false,"after_sensitive":{"tags":{},"tags_all":{}}}},{"address":"aws_subnet.public_subnet","mode":"managed","type":"aws_subnet","name":"public_subnet","provider_name":"registry.terraform.io/hashicorp/aws","change":{"actions":["create"],"before":null,"after":{"assign_ipv6_address_on_creation":false,"availability_zone":"eu-north-1a","cidr_block":"10.0.0.0/24","customer_owned_ipv4_pool":null,"enable_dns64":false,"enable_lni_at_device_index":null,"enable_resource_name_dns_a_record_on_launch":false,"enable_resource_name_dns_aaaa_record_on_launch":false,"ipv6_cidr_block":null,"ipv6_native":false,"map_customer_owned_ip_on_launch":null,"map_public_ip_on_launch":true,"outpost_arn":null,"tags":{"Name":"terra-public_subnet"},"tags_all":{"Name":"terra-public_subnet"},"timeouts":null},"after_unknown":{"arn":true,"availability_zone_id":true,"id":true,"ipv6_cidr_block_association_id":true,"owner_id":true,"private_dns_hostname_type_on_launch":true,"tags":{},"tags_all":{},"vpc_id":true},"before_sensitive":false,"after_sensitive":{"tags":{},"tags_all":{}}}},{"address":"aws_vpc.my_vpc","mode":"managed","type":"aws_vpc","name":"my_vpc","provider_name":"registry.terraform.io/hashicorp/aws","change":{"actions":["create"],"before":null,"after":{"assign_generated_ipv6_cidr_block":null,"cidr_block":"10.0.0.0/16","enable_dns_hostnames":true,"enable_dns_support":true,"instance_tenancy":"default","ipv4_ipam_pool_id":null,"ipv4_netmask_length":null,"ipv6_ipam_pool_id":null,"ipv6_netmask_length":null,"tags":{"Name":"terra_vpc"},"tags_all":{"Name":"terra_vpc"}},"after_unknown":{"arn":true,"default_network_acl_id":true,"default_route_table_id":true,"default_security_group_id":true,"dhcp_options_id":true,"enable_classiclink":true,"enable_classiclink_dns_support":true,"enable_network_address_usage_metrics":true,"id":true,"ipv6_association_id":true,"ipv6_cidr_block":true,"ipv6_cidr_block_network_border_group":true,"main_route_table_id":true,"owner_id":true,"tags":{},"tags_all":{}},"before_sensitive":false,"after_sensitive":{"tags":{},"tags_all":{}}}}],"output_changes":{"elp_public_ip":{"actions":["create"],"before":null,"after_unknown":true,"before_sensitive":false,"after_sensitive":false},"instance_private_ip":{"actions":["create"],"before":null,"after_unknown":true,"before_sensitive":false,"after_sensitive":false},"instance_public_ip":{"actions":["create"],"before":null,"after_unknown":true,"before_sensitive":false,"after_sensitive":false}},"configuration":{"provider_config":{"aws":{"name":"aws","full_name":"registry.terraform.io/hashicorp/aws","version_constraint":"~\u003e 4.16","expressions":{"region":{"constant_value":"eu-north-1"}}},"random":{"name":"random","full_name":"registry.terraform.io/hashicorp/random","version_constraint":"3.0.0"}},"root_module":{"outputs":{"elp_public_ip":{"expression":{"references":["aws_eip.flask_url.public_ip","aws_eip.flask_url"]},"description":"My elasticc Public IP"},"instance_private_ip":{"expression":{"references":["aws_instance.redis_db.private_ip","aws_instance.redis_db"]},"description":"Private IP address of the EC2 instance"},"instance_public_ip":{"expression":{"references":["aws_instance.flask_app.public_ip","aws_instance.flask_app"]},"description":"Public IP address of the EC2 instance"}},"resources":[{"address":"aws_eip.flask_url","mode":"managed","type":"aws_eip","name":"flask_url","provider_config_key":"aws","expressions":{"instance":{"references":["aws_instance.flask_app.id","aws_instance.flask_app"]},"tags":{"constant_value":{"Name":"Flask_url"}}},"schema_version":0},{"address":"aws_eip.nat_gateway","mode":"managed","type":"aws_eip","name":"nat_gateway","provider_config_key":"aws","expressions":{"vpc":{"constant_value":true}},"schema_version":0},{"address":"aws_instance.flask_app","mode":"managed","type":"aws_instance","name":"flask_app","provider_config_key":"aws","expressions":{"ami":{"constant_value":"ami-01a7573bb17a45f12"},"ebs_block_device":[{"device_name":{"constant_value":"/dev/xvda"},"volume_size":{"constant_value":"12"},"volume_type":{"constant_value":"gp2"}}],"instance_type":{"constant_value":"t3.micro"},"key_name":{"constant_value":"abra"},"subnet_id":{"references":["aws_subnet.public_subnet.id","aws_subnet.public_subnet"]},"tags":{"constant_value":{"Name":"terra-flask_app"}},"user_data":{},"vpc_security_group_ids":{"references":["aws_security_group.open_to_world.id","aws_security_group.open_to_world"]}},"schema_version":1},{"address":"aws_instance.redis_db","mode":"managed","type":"aws_instance","name":"redis_db","provider_config_key":"aws","expressions":{"ami":{"constant_value":"ami-01a7573bb17a45f12"},"ebs_block_device":[{"device_name":{"constant_value":"/dev/xvda"},"volume_size":{"constant_value":"12"},"volume_type":{"constant_value":"gp2"}}],"instance_type":{"constant_value":"t3.micro"},"key_name":{"constant_value":"abra"},"subnet_id":{"references":["aws_subnet.private_subnet.id","aws_subnet.private_subnet"]},"tags":{"constant_value":{"Name":"terra-redis-db"}},"user_data":{},"vpc_security_group_ids":{"references":["aws_security_group.inner_net.id","aws_security_group.inner_net"]}},"schema_version":1},{"address":"aws_internet_gateway.gw","mode":"managed","type":"aws_internet_gateway","name":"gw","provider_config_key":"aws","expressions":{"tags":{"constant_value":{"Name":"terra-ig"}},"vpc_id":{"references":["aws_vpc.my_vpc.id","aws_vpc.my_vpc"]}},"schema_version":0},{"address":"aws_nat_gateway.prod-nat-gateway","mode":"managed","type":"aws_nat_gateway","name":"prod-nat-gateway","provider_config_key":"aws","expressions":{"allocation_id":{"references":["aws_eip.nat_gateway.id","aws_eip.nat_gateway"]},"subnet_id":{"references":["aws_subnet.private_subnet.id","aws_subnet.private_subnet"]},"tags":{"constant_value":{"Name":"Terra NAT"}}},"schema_version":0},{"address":"aws_route_table.prod-private-routes","mode":"managed","type":"aws_route_table","name":"prod-private-routes","provider_config_key":"aws","expressions":{"route":{"references":["aws_internet_gateway.gw.id","aws_internet_gateway.gw"]},"tags":{"constant_value":{"Name":"terra-private-routes"}},"vpc_id":{"references":["aws_vpc.my_vpc.id","aws_vpc.my_vpc"]}},"schema_version":0},{"address":"aws_route_table.prod-public-routes","mode":"managed","type":"aws_route_table","name":"prod-public-routes","provider_config_key":"aws","expressions":{"route":{"references":["aws_internet_gateway.gw.id","aws_internet_gateway.gw"]},"tags":{"constant_value":{"Name":"terra-public-routes"}},"vpc_id":{"references":["aws_vpc.my_vpc.id","aws_vpc.my_vpc"]}},"schema_version":0},{"address":"aws_route_table_association.prod-crta-private-subnet-1","mode":"managed","type":"aws_route_table_association","name":"prod-crta-private-subnet-1","provider_config_key":"aws","expressions":{"route_table_id":{"references":["aws_route_table.prod-private-routes.id","aws_route_table.prod-private-routes"]},"subnet_id":{"references":["aws_subnet.private_subnet.id","aws_subnet.private_subnet"]}},"schema_version":0},{"address":"aws_route_table_association.prod-crta-public-subnet-1","mode":"managed","type":"aws_route_table_association","name":"prod-crta-public-subnet-1","provider_config_key":"aws","expressions":{"route_table_id":{"references":["aws_route_table.prod-public-routes.id","aws_route_table.prod-public-routes"]},"subnet_id":{"references":["aws_subnet.public_subnet.id","aws_subnet.public_subnet"]}},"schema_version":0},{"address":"aws_security_group.inner_net","mode":"managed","type":"aws_security_group","name":"inner_net","provider_config_key":"aws","expressions":{"description":{"constant_value":"only_inner_trafik"},"egress":{"constant_value":[{"cidr_blocks":["0.0.0.0/0"],"description":null,"from_port":0,"ipv6_cidr_blocks":["::/0"],"prefix_list_ids":null,"protocol":"-1","security_groups":null,"self":null,"to_port":0}]},"ingress":{"constant_value":[{"cidr_blocks":["0.0.0.0/0"],"description":null,"from_port":0,"ipv6_cidr_blocks":null,"prefix_list_ids":null,"protocol":"tcp","security_groups":null,"self":null,"to_port":8080}]},"name":{"constant_value":"only_inner_trafik"},"tags":{"constant_value":{"Name":"terra-inner-sg"}},"vpc_id":{"references":["aws_vpc.my_vpc.id","aws_vpc.my_vpc"]}},"schema_version":1},{"address":"aws_security_group.open_to_world","mode":"managed","type":"aws_security_group","name":"open_to_world","provider_config_key":"aws","expressions":{"description":{"constant_value":"Allow all TCP inbound traffic"},"egress":{"constant_value":[{"cidr_blocks":["0.0.0.0/0"],"description":null,"from_port":0,"ipv6_cidr_blocks":["::/0"],"prefix_list_ids":null,"protocol":"-1","security_groups":null,"self":null,"to_port":0}]},"ingress":{"constant_value":[{"cidr_blocks":["0.0.0.0/0"],"description":null,"from_port":8080,"ipv6_cidr_blocks":null,"prefix_list_ids":null,"protocol":"tcp","security_groups":null,"self":null,"to_port":8080},{"cidr_blocks":["0.0.0.0/0"],"description":null,"from_port":22,"ipv6_cidr_blocks":null,"prefix_list_ids":null,"protocol":"tcp","security_groups":null,"self":null,"to_port":22}]},"name":{"constant_value":"allow_all"},"tags":{"constant_value":{"Name":"terra-outer-sg"}},"timeouts":{"delete":{"constant_value":"2m"}},"vpc_id":{"references":["aws_vpc.my_vpc.id","aws_vpc.my_vpc"]}},"schema_version":1},{"address":"aws_subnet.private_subnet","mode":"managed","type":"aws_subnet","name":"private_subnet","provider_config_key":"aws","expressions":{"availability_zone":{"constant_value":"eu-north-1a"},"cidr_block":{"constant_value":"10.0.1.0/24"},"map_public_ip_on_launch":{"constant_value":false},"tags":{"constant_value":{"Name":"terra-private-subnet"}},"vpc_id":{"references":["aws_vpc.my_vpc.id","aws_vpc.my_vpc"]}},"schema_version":1},{"address":"aws_subnet.public_subnet","mode":"managed","type":"aws_subnet","name":"public_subnet","provider_config_key":"aws","expressions":{"availability_zone":{"constant_value":"eu-north-1a"},"cidr_block":{"constant_value":"10.0.0.0/24"},"map_public_ip_on_launch":{"constant_value":"true"},"tags":{"constant_value":{"Name":"terra-public_subnet"}},"vpc_id":{"references":["aws_vpc.my_vpc.id","aws_vpc.my_vpc"]}},"schema_version":1},{"address":"aws_vpc.my_vpc","mode":"managed","type":"aws_vpc","name":"my_vpc","provider_config_key":"aws","expressions":{"cidr_block":{"constant_value":"10.0.0.0/16"},"enable_dns_hostnames":{"constant_value":true},"enable_dns_support":{"constant_value":true},"tags":{"constant_value":{"Name":"terra_vpc"}}},"schema_version":1}],"variables":{"my_instance_name":{"default":"my-instance","description":"Value of the Name tag for the EC2 instance"}}}},"relevant_attributes":[{"resource":"aws_instance.flask_app","attribute":["public_ip"]},{"resource":"aws_eip.flask_url","attribute":["public_ip"]},{"resource":"aws_eip.nat_gateway","attribute":["id"]},{"resource":"aws_subnet.private_subnet","attribute":["id"]},{"resource":"aws_route_table.prod-private-routes","attribute":["id"]},{"resource":"aws_route_table.prod-public-routes","attribute":["id"]},{"resource":"aws_security_group.open_to_world","attribute":["id"]},{"resource":"aws_instance.redis_db","attribute":["private_ip"]},{"resource":"aws_vpc.my_vpc","attribute":["id"]},{"resource":"aws_internet_gateway.gw","attribute":["id"]},{"resource":"aws_subnet.public_subnet","attribute":["id"]},{"resource":"aws_security_group.inner_net","attribute":["id"]},{"resource":"aws_instance.flask_app","attribute":["id"]}]}
